// !$*UTF8*$!
{
	archiveVersion = 1;
	classes = {
	};
	objectVersion = 46;
	objects = {

/* Begin PBXBuildFile section */
		E6867B051E25449F00CA2AFC /* AppDelegate.swift in Sources */ = {isa = PBXBuildFile; fileRef = E6867B041E25449F00CA2AFC /* AppDelegate.swift */; };
		E6867B071E25449F00CA2AFC /* ViewController.swift in Sources */ = {isa = PBXBuildFile; fileRef = E6867B061E25449F00CA2AFC /* ViewController.swift */; };
		E6867B0A1E25449F00CA2AFC /* Main.storyboard in Resources */ = {isa = PBXBuildFile; fileRef = E6867B081E25449F00CA2AFC /* Main.storyboard */; };
		E6867B0C1E25449F00CA2AFC /* Assets.xcassets in Resources */ = {isa = PBXBuildFile; fileRef = E6867B0B1E25449F00CA2AFC /* Assets.xcassets */; };
		E6867B0F1E25449F00CA2AFC /* LaunchScreen.storyboard in Resources */ = {isa = PBXBuildFile; fileRef = E6867B0D1E25449F00CA2AFC /* LaunchScreen.storyboard */; };
		E6867B1A1E25449F00CA2AFC /* LowestPathTests.swift in Sources */ = {isa = PBXBuildFile; fileRef = E6867B191E25449F00CA2AFC /* LowestPathTests.swift */; };
		E6867B251E2544D400CA2AFC /* LowestPathAlgorithm.swift in Sources */ = {isa = PBXBuildFile; fileRef = E6867B241E2544D400CA2AFC /* LowestPathAlgorithm.swift */; };
		E6867B281E25470A00CA2AFC /* Matrix.swift in Sources */ = {isa = PBXBuildFile; fileRef = E6867B271E25470A00CA2AFC /* Matrix.swift */; };
		E6867B291E25470A00CA2AFC /* Matrix.swift in Sources */ = {isa = PBXBuildFile; fileRef = E6867B271E25470A00CA2AFC /* Matrix.swift */; };
		E6867B2A1E25488A00CA2AFC /* LowestPathAlgorithm.swift in Sources */ = {isa = PBXBuildFile; fileRef = E6867B241E2544D400CA2AFC /* LowestPathAlgorithm.swift */; };
/* End PBXBuildFile section */

/* Begin PBXContainerItemProxy section */
		E6867B161E25449F00CA2AFC /* PBXContainerItemProxy */ = {
			isa = PBXContainerItemProxy;
			containerPortal = E6867AF91E25449F00CA2AFC /* Project object */;
			proxyType = 1;
			remoteGlobalIDString = E6867B001E25449F00CA2AFC;
			remoteInfo = LowestPath;
		};
/* End PBXContainerItemProxy section */

/* Begin PBXFileReference section */
		E6867B011E25449F00CA2AFC /* LowestPath.app */ = {isa = PBXFileReference; explicitFileType = wrapper.application; includeInIndex = 0; path = LowestPath.app; sourceTree = BUILT_PRODUCTS_DIR; };
		E6867B041E25449F00CA2AFC /* AppDelegate.swift */ = {isa = PBXFileReference; lastKnownFileType = sourcecode.swift; path = AppDelegate.swift; sourceTree = "<group>"; };
		E6867B061E25449F00CA2AFC /* ViewController.swift */ = {isa = PBXFileReference; lastKnownFileType = sourcecode.swift; path = ViewController.swift; sourceTree = "<group>"; };
		E6867B091E25449F00CA2AFC /* Base */ = {isa = PBXFileReference; lastKnownFileType = file.storyboard; name = Base; path = Base.lproj/Main.storyboard; sourceTree = "<group>"; };
		E6867B0B1E25449F00CA2AFC /* Assets.xcassets */ = {isa = PBXFileReference; lastKnownFileType = folder.assetcatalog; path = Assets.xcassets; sourceTree = "<group>"; };
		E6867B0E1E25449F00CA2AFC /* Base */ = {isa = PBXFileReference; lastKnownFileType = file.storyboard; name = Base; path = Base.lproj/LaunchScreen.storyboard; sourceTree = "<group>"; };
		E6867B101E25449F00CA2AFC /* Info.plist */ = {isa = PBXFileReference; lastKnownFileType = text.plist.xml; path = Info.plist; sourceTree = "<group>"; };
		E6867B151E25449F00CA2AFC /* LowestPathTests.xctest */ = {isa = PBXFileReference; explicitFileType = wrapper.cfbundle; includeInIndex = 0; path = LowestPathTests.xctest; sourceTree = BUILT_PRODUCTS_DIR; };
		E6867B191E25449F00CA2AFC /* LowestPathTests.swift */ = {isa = PBXFileReference; lastKnownFileType = sourcecode.swift; path = LowestPathTests.swift; sourceTree = "<group>"; };
		E6867B1B1E25449F00CA2AFC /* Info.plist */ = {isa = PBXFileReference; lastKnownFileType = text.plist.xml; path = Info.plist; sourceTree = "<group>"; };
		E6867B241E2544D400CA2AFC /* LowestPathAlgorithm.swift */ = {isa = PBXFileReference; fileEncoding = 4; lastKnownFileType = sourcecode.swift; path = LowestPathAlgorithm.swift; sourceTree = "<group>"; };
		E6867B271E25470A00CA2AFC /* Matrix.swift */ = {isa = PBXFileReference; fileEncoding = 4; lastKnownFileType = sourcecode.swift; path = Matrix.swift; sourceTree = "<group>"; };
/* End PBXFileReference section */

/* Begin PBXFrameworksBuildPhase section */
		E6867AFE1E25449F00CA2AFC /* Frameworks */ = {
			isa = PBXFrameworksBuildPhase;
			buildActionMask = 2147483647;
			files = (
			);
			runOnlyForDeploymentPostprocessing = 0;
		};
		E6867B121E25449F00CA2AFC /* Frameworks */ = {
			isa = PBXFrameworksBuildPhase;
			buildActionMask = 2147483647;
			files = (
			);
			runOnlyForDeploymentPostprocessing = 0;
		};
/* End PBXFrameworksBuildPhase section */

/* Begin PBXGroup section */
		E6867AF81E25449F00CA2AFC = {
			isa = PBXGroup;
			children = (
				E6867B031E25449F00CA2AFC /* LowestPath */,
				E6867B181E25449F00CA2AFC /* LowestPathTests */,
				E6867B021E25449F00CA2AFC /* Products */,
			);
			sourceTree = "<group>";
		};
		E6867B021E25449F00CA2AFC /* Products */ = {
			isa = PBXGroup;
			children = (
				E6867B011E25449F00CA2AFC /* LowestPath.app */,
				E6867B151E25449F00CA2AFC /* LowestPathTests.xctest */,
			);
			name = Products;
			sourceTree = "<group>";
		};
		E6867B031E25449F00CA2AFC /* LowestPath */ = {
			isa = PBXGroup;
			children = (
				E6867B261E25465D00CA2AFC /* Algorithm */,
				E6867B041E25449F00CA2AFC /* AppDelegate.swift */,
				E6867B061E25449F00CA2AFC /* ViewController.swift */,
				E6867B081E25449F00CA2AFC /* Main.storyboard */,
				E6867B0B1E25449F00CA2AFC /* Assets.xcassets */,
				E6867B0D1E25449F00CA2AFC /* LaunchScreen.storyboard */,
				E6867B101E25449F00CA2AFC /* Info.plist */,
				E6867B271E25470A00CA2AFC /* Matrix.swift */,
			);
			path = LowestPath;
			sourceTree = "<group>";
		};
		E6867B181E25449F00CA2AFC /* LowestPathTests */ = {
			isa = PBXGroup;
			children = (
				E6867B191E25449F00CA2AFC /* LowestPathTests.swift */,
				E6867B1B1E25449F00CA2AFC /* Info.plist */,
			);
			path = LowestPathTests;
			sourceTree = "<group>";
		};
		E6867B261E25465D00CA2AFC /* Algorithm */ = {
			isa = PBXGroup;
			children = (
				E6867B241E2544D400CA2AFC /* LowestPathAlgorithm.swift */,
			);
			name = Algorithm;
			sourceTree = "<group>";
		};
/* End PBXGroup section */

/* Begin PBXNativeTarget section */
		E6867B001E25449F00CA2AFC /* LowestPath */ = {
			isa = PBXNativeTarget;
			buildConfigurationList = E6867B1E1E25449F00CA2AFC /* Build configuration list for PBXNativeTarget "LowestPath" */;
			buildPhases = (
				E6867AFD1E25449F00CA2AFC /* Sources */,
				E6867AFE1E25449F00CA2AFC /* Frameworks */,
				E6867AFF1E25449F00CA2AFC /* Resources */,
			);
			buildRules = (
			);
			dependencies = (
			);
			name = LowestPath;
			productName = LowestPath;
			productReference = E6867B011E25449F00CA2AFC /* LowestPath.app */;
			productType = "com.apple.product-type.application";
		};
		E6867B141E25449F00CA2AFC /* LowestPathTests */ = {
			isa = PBXNativeTarget;
			buildConfigurationList = E6867B211E25449F00CA2AFC /* Build configuration list for PBXNativeTarget "LowestPathTests" */;
			buildPhases = (
				E6867B111E25449F00CA2AFC /* Sources */,
				E6867B121E25449F00CA2AFC /* Frameworks */,
				E6867B131E25449F00CA2AFC /* Resources */,
			);
			buildRules = (
			);
			dependencies = (
				E6867B171E25449F00CA2AFC /* PBXTargetDependency */,
			);
			name = LowestPathTests;
			productName = LowestPathTests;
			productReference = E6867B151E25449F00CA2AFC /* LowestPathTests.xctest */;
			productType = "com.apple.product-type.bundle.unit-test";
		};
/* End PBXNativeTarget section */

/* Begin PBXProject section */
		E6867AF91E25449F00CA2AFC /* Project object */ = {
			isa = PBXProject;
			attributes = {
				LastSwiftUpdateCheck = 0820;
				LastUpgradeCheck = 0820;
				ORGANIZATIONNAME = "Srinivasan, Selvam";
				TargetAttributes = {
					E6867B001E25449F00CA2AFC = {
						CreatedOnToolsVersion = 8.2;
						DevelopmentTeam = 2M7YV2QJGS;
						ProvisioningStyle = Automatic;
					};
					E6867B141E25449F00CA2AFC = {
						CreatedOnToolsVersion = 8.2;
						DevelopmentTeam = 2M7YV2QJGS;
						ProvisioningStyle = Automatic;
						TestTargetID = E6867B001E25449F00CA2AFC;
					};
				};
			};
			buildConfigurationList = E6867AFC1E25449F00CA2AFC /* Build configuration list for PBXProject "LowestPath" */;
			compatibilityVersion = "Xcode 3.2";
			developmentRegion = English;
			hasScannedForEncodings = 0;
			knownRegions = (
				en,
				Base,
			);
			mainGroup = E6867AF81E25449F00CA2AFC;
			productRefGroup = E6867B021E25449F00CA2AFC /* Products */;
			projectDirPath = "";
			projectRoot = "";
			targets = (
				E6867B001E25449F00CA2AFC /* LowestPath */,
				E6867B141E25449F00CA2AFC /* LowestPathTests */,
			);
		};
/* End PBXProject section */

/* Begin PBXResourcesBuildPhase section */
		E6867AFF1E25449F00CA2AFC /* Resources */ = {
			isa = PBXResourcesBuildPhase;
			buildActionMask = 2147483647;
			files = (
				E6867B0F1E25449F00CA2AFC /* LaunchScreen.storyboard in Resources */,
				E6867B0C1E25449F00CA2AFC /* Assets.xcassets in Resources */,
				E6867B0A1E25449F00CA2AFC /* Main.storyboard in Resources */,
			);
			runOnlyForDeploymentPostprocessing = 0;
		};
		E6867B131E25449F00CA2AFC /* Resources */ = {
			isa = PBXResourcesBuildPhase;
			buildActionMask = 2147483647;
			files = (
			);
			runOnlyForDeploymentPostprocessing = 0;
		};
/* End PBXResourcesBuildPhase section */

/* Begin PBXSourcesBuildPhase section */
		E6867AFD1E25449F00CA2AFC /* Sources */ = {
			isa = PBXSourcesBuildPhase;
			buildActionMask = 2147483647;
			files = (
				E6867B281E25470A00CA2AFC /* Matrix.swift in Sources */,
				E6867B071E25449F00CA2AFC /* ViewController.swift in Sources */,
				E6867B051E25449F00CA2AFC /* AppDelegate.swift in Sources */,
				E6867B251E2544D400CA2AFC /* LowestPathAlgorithm.swift in Sources */,
			);
			runOnlyForDeploymentPostprocessing = 0;
		};
		E6867B111E25449F00CA2AFC /* Sources */ = {
			isa = PBXSourcesBuildPhase;
			buildActionMask = 2147483647;
			files = (
				E6867B291E25470A00CA2AFC /* Matrix.swift in Sources */,
				E6867B2A1E25488A00CA2AFC /* LowestPathAlgorithm.swift in Sources */,
				E6867B1A1E25449F00CA2AFC /* LowestPathTests.swift in Sources */,
			);
			runOnlyForDeploymentPostprocessing = 0;
		};
/* End PBXSourcesBuildPhase section */

/* Begin PBXTargetDependency section */
		E6867B171E25449F00CA2AFC /* PBXTargetDependency */ = {
			isa = PBXTargetDependency;
			target = E6867B001E25449F00CA2AFC /* LowestPath */;
			targetProxy = E6867B161E25449F00CA2AFC /* PBXContainerItemProxy */;
		};
/* End PBXTargetDependency section */

/* Begin PBXVariantGroup section */
		E6867B081E25449F00CA2AFC /* Main.storyboard */ = {
			isa = PBXVariantGroup;
			children = (
				E6867B091E25449F00CA2AFC /* Base */,
			);
			name = Main.storyboard;
			sourceTree = "<group>";
		};
		E6867B0D1E25449F00CA2AFC /* LaunchScreen.storyboard */ = {
			isa = PBXVariantGroup;
			children = (
				E6867B0E1E25449F00CA2AFC /* Base */,
			);
			name = LaunchScreen.storyboard;
			sourceTree = "<group>";
		};
/* End PBXVariantGroup section */

/* Begin XCBuildConfiguration section */
		E6867B1C1E25449F00CA2AFC /* Debug */ = {
			isa = XCBuildConfiguration;
			buildSettings = {
				ALWAYS_SEARCH_USER_PATHS = NO;
				CLANG_ANALYZER_NONNULL = YES;
				CLANG_CXX_LANGUAGE_STANDARD = "gnu++0x";
				CLANG_CXX_LIBRARY = "libc++";
				CLANG_ENABLE_MODULES = YES;
				CLANG_ENABLE_OBJC_ARC = YES;
				CLANG_WARN_BOOL_CONVERSION = YES;
				CLANG_WARN_CONSTANT_CONVERSION = YES;
				CLANG_WARN_DIRECT_OBJC_ISA_USAGE = YES_ERROR;
				CLANG_WARN_DOCUMENTATION_COMMENTS = YES;
				CLANG_WARN_EMPTY_BODY = YES;
				CLANG_WARN_ENUM_CONVERSION = YES;
				CLANG_WARN_INFINITE_RECURSION = YES;
				CLANG_WARN_INT_CONVERSION = YES;
				CLANG_WARN_OBJC_ROOT_CLASS = YES_ERROR;
				CLANG_WARN_SUSPICIOUS_MOVE = YES;
				CLANG_WARN_UNREACHABLE_CODE = YES;
				CLANG_WARN__DUPLICATE_METHOD_MATCH = YES;
				"CODE_SIGN_IDENTITY[sdk=iphoneos*]" = "iPhone Developer";
				COPY_PHASE_STRIP = NO;
				DEBUG_INFORMATION_FORMAT = dwarf;
				ENABLE_STRICT_OBJC_MSGSEND = YES;
				ENABLE_TESTABILITY = YES;
				GCC_C_LANGUAGE_STANDARD = gnu99;
				GCC_DYNAMIC_NO_PIC = NO;
				GCC_NO_COMMON_BLOCKS = YES;
				GCC_OPTIMIZATION_LEVEL = 0;
				GCC_PREPROCESSOR_DEFINITIONS = (
					"DEBUG=1",
					"$(inherited)",
				);
				GCC_WARN_64_TO_32_BIT_CONVERSION = YES;
				GCC_WARN_ABOUT_RETURN_TYPE = YES_ERROR;
				GCC_WARN_UNDECLARED_SELECTOR = YES;
				GCC_WARN_UNINITIALIZED_AUTOS = YES_AGGRESSIVE;
				GCC_WARN_UNUSED_FUNCTION = YES;
				GCC_WARN_UNUSED_VARIABLE = YES;
				IPHONEOS_DEPLOYMENT_TARGET = 10.2;
				MTL_ENABLE_DEBUG_INFO = YES;
				ONLY_ACTIVE_ARCH = YES;
				SDKROOT = iphoneos;
				SWIFT_ACTIVE_COMPILATION_CONDITIONS = DEBUG;
				SWIFT_OPTIMIZATION_LEVEL = "-Onone";
				TARGETED_DEVICE_FAMILY = "1,2";
			};
			name = Debug;
		};
		E6867B1D1E25449F00CA2AFC /* Release */ = {
			isa = XCBuildConfiguration;
			buildSettings = {
				ALWAYS_SEARCH_USER_PATHS = NO;
				CLANG_ANALYZER_NONNULL = YES;
				CLANG_CXX_LANGUAGE_STANDARD = "gnu++0x";
				CLANG_CXX_LIBRARY = "libc++";
				CLANG_ENABLE_MODULES = YES;
				CLANG_ENABLE_OBJC_ARC = YES;
				CLANG_WARN_BOOL_CONVERSION = YES;
				CLANG_WARN_CONSTANT_CONVERSION = YES;
				CLANG_WARN_DIRECT_OBJC_ISA_USAGE = YES_ERROR;
				CLANG_WARN_DOCUMENTATION_COMMENTS = YES;
				CLANG_WARN_EMPTY_BODY = YES;
				CLANG_WARN_ENUM_CONVERSION = YES;
				CLANG_WARN_INFINITE_RECURSION = YES;
				CLANG_WARN_INT_CONVERSION = YES;
				CLANG_WARN_OBJC_ROOT_CLASS = YES_ERROR;
				CLANG_WARN_SUSPICIOUS_MOVE = YES;
				CLANG_WARN_UNREACHABLE_CODE = YES;
				CLANG_WARN__DUPLICATE_METHOD_MATCH = YES;
				"CODE_SIGN_IDENTITY[sdk=iphoneos*]" = "iPhone Developer";
				COPY_PHASE_STRIP = NO;
				DEBUG_INFORMATION_FORMAT = "dwarf-with-dsym";
				ENABLE_NS_ASSERTIONS = NO;
				ENABLE_STRICT_OBJC_MSGSEND = YES;
				GCC_C_LANGUAGE_STANDARD = gnu99;
				GCC_NO_COMMON_BLOCKS = YES;
				GCC_WARN_64_TO_32_BIT_CONVERSION = YES;
				GCC_WARN_ABOUT_RETURN_TYPE = YES_ERROR;
				GCC_WARN_UNDECLARED_SELECTOR = YES;
				GCC_WARN_UNINITIALIZED_AUTOS = YES_AGGRESSIVE;
				GCC_WARN_UNUSED_FUNCTION = YES;
				GCC_WARN_UNUSED_VARIABLE = YES;
				IPHONEOS_DEPLOYMENT_TARGET = 10.2;
				MTL_ENABLE_DEBUG_INFO = NO;
				SDKROOT = iphoneos;
				SWIFT_OPTIMIZATION_LEVEL = "-Owholemodule";
				TARGETED_DEVICE_FAMILY = "1,2";
				VALIDATE_PRODUCT = YES;
			};
			name = Release;
		};
		E6867B1F1E25449F00CA2AFC /* Debug */ = {
			isa = XCBuildConfiguration;
			buildSettings = {
				ASSETCATALOG_COMPILER_APPICON_NAME = AppIcon;
				DEVELOPMENT_TEAM = 2M7YV2QJGS;
				INFOPLIST_FILE = LowestPath/Info.plist;
				LD_RUNPATH_SEARCH_PATHS = "$(inherited) @executable_path/Frameworks";
				PRODUCT_BUNDLE_IDENTIFIER = SelvamSrinivasan.LowestPath;
				PRODUCT_NAME = "$(TARGET_NAME)";
				SWIFT_VERSION = 3.0;
			};
			name = Debug;
		};
		E6867B201E25449F00CA2AFC /* Release */ = {
			isa = XCBuildConfiguration;
			buildSettings = {
				ASSETCATALOG_COMPILER_APPICON_NAME = AppIcon;
				DEVELOPMENT_TEAM = 2M7YV2QJGS;
				INFOPLIST_FILE = LowestPath/Info.plist;
				LD_RUNPATH_SEARCH_PATHS = "$(inherited) @executable_path/Frameworks";
				PRODUCT_BUNDLE_IDENTIFIER = SelvamSrinivasan.LowestPath;
				PRODUCT_NAME = "$(TARGET_NAME)";
				SWIFT_VERSION = 3.0;
			};
			name = Release;
		};
		E6867B221E25449F00CA2AFC /* Debug */ = {
			isa = XCBuildConfiguration;
			buildSettings = {
				ALWAYS_EMBED_SWIFT_STANDARD_LIBRARIES = YES;
				BUNDLE_LOADER = "$(TEST_HOST)";
				DEVELOPMENT_TEAM = 2M7YV2QJGS;
				INFOPLIST_FILE = LowestPathTests/Info.plist;
				LD_RUNPATH_SEARCH_PATHS = "$(inherited) @executable_path/Frameworks @loader_path/Frameworks";
				PRODUCT_BUNDLE_IDENTIFIER = SelvamSrinivasan.LowestPathTests;
				PRODUCT_NAME = "$(TARGET_NAME)";
				SWIFT_VERSION = 3.0;
				TEST_HOST = "$(BUILT_PRODUCTS_DIR)/LowestPath.app/LowestPath";
			};
			name = Debug;
		};
		E6867B231E25449F00CA2AFC /* Release */ = {
			isa = XCBuildConfiguration;
			buildSettings = {
				ALWAYS_EMBED_SWIFT_STANDARD_LIBRARIES = YES;
				BUNDLE_LOADER = "$(TEST_HOST)";
				DEVELOPMENT_TEAM = 2M7YV2QJGS;
				INFOPLIST_FILE = LowestPathTests/Info.plist;
				LD_RUNPATH_SEARCH_PATHS = "$(inherited) @executable_path/Frameworks @loader_path/Frameworks";
				PRODUCT_BUNDLE_IDENTIFIER = SelvamSrinivasan.LowestPathTests;
				PRODUCT_NAME = "$(TARGET_NAME)";
				SWIFT_VERSION = 3.0;
				TEST_HOST = "$(BUILT_PRODUCTS_DIR)/LowestPath.app/LowestPath";
			};
			name = Release;
		};
/* End XCBuildConfiguration section */

/* Begin XCConfigurationList section */
		E6867AFC1E25449F00CA2AFC /* Build configuration list for PBXProject "LowestPath" */ = {
			isa = XCConfigurationList;
			buildConfigurations = (
				E6867B1C1E25449F00CA2AFC /* Debug */,
				E6867B1D1E25449F00CA2AFC /* Release */,
			);
			defaultConfigurationIsVisible = 0;
			defaultConfigurationName = Release;
		};
		E6867B1E1E25449F00CA2AFC /* Build configuration list for PBXNativeTarget "LowestPath" */ = {
			isa = XCConfigurationList;
			buildConfigurations = (
				E6867B1F1E25449F00CA2AFC /* Debug */,
				E6867B201E25449F00CA2AFC /* Release */,
			);
			defaultConfigurationIsVisible = 0;
		};
		E6867B211E25449F00CA2AFC /* Build configuration list for PBXNativeTarget "LowestPathTests" */ = {
			isa = XCConfigurationList;
			buildConfigurations = (
				E6867B221E25449F00CA2AFC /* Debug */,
				E6867B231E25449F00CA2AFC /* Release */,
			);
			defaultConfigurationIsVisible = 0;
		};
/* End XCConfigurationList section */
	};
	rootObject = E6867AF91E25449F00CA2AFC /* Project object */;
}
